
Microsoft Visual Studio Solution File, Format Version 12.00
# Visual Studio Version 17
VisualStudioVersion = 17.9.34701.34
MinimumVisualStudioVersion = 10.0.40219.1
Project("{8BC9CEB8-8B4A-11D0-8D11-00A0C91BC942}") = "Program", "Program\Program.vcxproj", "{2AE07286-F43B-4F04-B725-92CFC4758F18}"
EndProject
Project("{8BC9CEB8-8B4A-11D0-8D11-00A0C91BC942}") = "Claas1th (Stream)", "Claas1th (Stream)\Claas1th (Stream).vcxproj", "{107D3EA8-63CA-4D05-B45D-BF46965A372E}"
EndProject
Project("{8BC9CEB8-8B4A-11D0-8D11-00A0C91BC942}") = "Class2th (Class)", "Class2th (Class)\Class2th (Class).vcxproj", "{6A7D6A17-8E32-4E88-8C6A-D54AA805B7DC}"
EndProject
Project("{8BC9CEB8-8B4A-11D0-8D11-00A0C91BC942}") = "Class3th (Constructor & Destructor)", "Class3th (Constructor & Destructor)\Class3th (Constructor & Destructor).vcxproj", "{43278160-D1D1-4122-8939-8E10EF693B8A}"
EndProject
Project("{8BC9CEB8-8B4A-11D0-8D11-00A0C91BC942}") = "Class4th (Shallow Copy & Deep Capy)", "Class4th (Shallow Copy & Deep Capy)\Class4th (Shallow Copy & Deep Capy).vcxproj", "{80237130-9333-4525-9901-EDB23428DDF3}"
EndProject
Project("{8BC9CEB8-8B4A-11D0-8D11-00A0C91BC942}") = "Class5th (inhentance)", "Class5th (inhentance)\Class5th (inhentance).vcxproj", "{75F26084-0F80-4E00-B96F-D761AEA5F7AA}"
EndProject
Project("{8BC9CEB8-8B4A-11D0-8D11-00A0C91BC942}") = "Class6th (Polymophism)", "Class6th (Polymophism)\Class6th (Polymophism).vcxproj", "{4320B216-E877-4657-9C38-28BBEB10DC63}"
EndProject
Project("{8BC9CEB8-8B4A-11D0-8D11-00A0C91BC942}") = "Class7th (Virtual Function)", "Class7th (Virtual Function)\Class7th (Virtual Function).vcxproj", "{85A67ECA-D4F5-4834-B11D-EF6B5AF3E78A}"
EndProject
Project("{8BC9CEB8-8B4A-11D0-8D11-00A0C91BC942}") = "Class8th (Abstract)", "Class8th (Abstract)\Class8th (Abstract).vcxproj", "{A9CF6C65-FA43-41A5-B4B5-43CE6BA25F77}"
EndProject
Project("{8BC9CEB8-8B4A-11D0-8D11-00A0C91BC942}") = "Class9th (Operator Overloading)", "Class9th (Operator Overloading)\Class9th (Operator Overloading).vcxproj", "{F6EA8E53-F8FB-4C37-AFD4-6CEB082C1DC4}"
EndProject
Global
	GlobalSection(SolutionConfigurationPlatforms) = preSolution
		Debug|x64 = Debug|x64
		Debug|x86 = Debug|x86
		Release|x64 = Release|x64
		Release|x86 = Release|x86
	EndGlobalSection
	GlobalSection(ProjectConfigurationPlatforms) = postSolution
		{2AE07286-F43B-4F04-B725-92CFC4758F18}.Debug|x64.ActiveCfg = Debug|x64
		{2AE07286-F43B-4F04-B725-92CFC4758F18}.Debug|x64.Build.0 = Debug|x64
		{2AE07286-F43B-4F04-B725-92CFC4758F18}.Debug|x86.ActiveCfg = Debug|Win32
		{2AE07286-F43B-4F04-B725-92CFC4758F18}.Debug|x86.Build.0 = Debug|Win32
		{2AE07286-F43B-4F04-B725-92CFC4758F18}.Release|x64.ActiveCfg = Release|x64
		{2AE07286-F43B-4F04-B725-92CFC4758F18}.Release|x64.Build.0 = Release|x64
		{2AE07286-F43B-4F04-B725-92CFC4758F18}.Release|x86.ActiveCfg = Release|Win32
		{2AE07286-F43B-4F04-B725-92CFC4758F18}.Release|x86.Build.0 = Release|Win32
		{107D3EA8-63CA-4D05-B45D-BF46965A372E}.Debug|x64.ActiveCfg = Debug|x64
		{107D3EA8-63CA-4D05-B45D-BF46965A372E}.Debug|x64.Build.0 = Debug|x64
		{107D3EA8-63CA-4D05-B45D-BF46965A372E}.Debug|x86.ActiveCfg = Debug|Win32
		{107D3EA8-63CA-4D05-B45D-BF46965A372E}.Debug|x86.Build.0 = Debug|Win32
		{107D3EA8-63CA-4D05-B45D-BF46965A372E}.Release|x64.ActiveCfg = Release|x64
		{107D3EA8-63CA-4D05-B45D-BF46965A372E}.Release|x64.Build.0 = Release|x64
		{107D3EA8-63CA-4D05-B45D-BF46965A372E}.Release|x86.ActiveCfg = Release|Win32
		{107D3EA8-63CA-4D05-B45D-BF46965A372E}.Release|x86.Build.0 = Release|Win32
		{6A7D6A17-8E32-4E88-8C6A-D54AA805B7DC}.Debug|x64.ActiveCfg = Debug|x64
		{6A7D6A17-8E32-4E88-8C6A-D54AA805B7DC}.Debug|x64.Build.0 = Debug|x64
		{6A7D6A17-8E32-4E88-8C6A-D54AA805B7DC}.Debug|x86.ActiveCfg = Debug|Win32
		{6A7D6A17-8E32-4E88-8C6A-D54AA805B7DC}.Debug|x86.Build.0 = Debug|Win32
		{6A7D6A17-8E32-4E88-8C6A-D54AA805B7DC}.Release|x64.ActiveCfg = Release|x64
		{6A7D6A17-8E32-4E88-8C6A-D54AA805B7DC}.Release|x64.Build.0 = Release|x64
		{6A7D6A17-8E32-4E88-8C6A-D54AA805B7DC}.Release|x86.ActiveCfg = Release|Win32
		{6A7D6A17-8E32-4E88-8C6A-D54AA805B7DC}.Release|x86.Build.0 = Release|Win32
		{43278160-D1D1-4122-8939-8E10EF693B8A}.Debug|x64.ActiveCfg = Debug|x64
		{43278160-D1D1-4122-8939-8E10EF693B8A}.Debug|x64.Build.0 = Debug|x64
		{43278160-D1D1-4122-8939-8E10EF693B8A}.Debug|x86.ActiveCfg = Debug|Win32
		{43278160-D1D1-4122-8939-8E10EF693B8A}.Debug|x86.Build.0 = Debug|Win32
		{43278160-D1D1-4122-8939-8E10EF693B8A}.Release|x64.ActiveCfg = Release|x64
		{43278160-D1D1-4122-8939-8E10EF693B8A}.Release|x64.Build.0 = Release|x64
		{43278160-D1D1-4122-8939-8E10EF693B8A}.Release|x86.ActiveCfg = Release|Win32
		{43278160-D1D1-4122-8939-8E10EF693B8A}.Release|x86.Build.0 = Release|Win32
		{80237130-9333-4525-9901-EDB23428DDF3}.Debug|x64.ActiveCfg = Debug|x64
		{80237130-9333-4525-9901-EDB23428DDF3}.Debug|x64.Build.0 = Debug|x64
		{80237130-9333-4525-9901-EDB23428DDF3}.Debug|x86.ActiveCfg = Debug|Win32
		{80237130-9333-4525-9901-EDB23428DDF3}.Debug|x86.Build.0 = Debug|Win32
		{80237130-9333-4525-9901-EDB23428DDF3}.Release|x64.ActiveCfg = Release|x64
		{80237130-9333-4525-9901-EDB23428DDF3}.Release|x64.Build.0 = Release|x64
		{80237130-9333-4525-9901-EDB23428DDF3}.Release|x86.ActiveCfg = Release|Win32
		{80237130-9333-4525-9901-EDB23428DDF3}.Release|x86.Build.0 = Release|Win32
		{75F26084-0F80-4E00-B96F-D761AEA5F7AA}.Debug|x64.ActiveCfg = Debug|x64
		{75F26084-0F80-4E00-B96F-D761AEA5F7AA}.Debug|x64.Build.0 = Debug|x64
		{75F26084-0F80-4E00-B96F-D761AEA5F7AA}.Debug|x86.ActiveCfg = Debug|Win32
		{75F26084-0F80-4E00-B96F-D761AEA5F7AA}.Debug|x86.Build.0 = Debug|Win32
		{75F26084-0F80-4E00-B96F-D761AEA5F7AA}.Release|x64.ActiveCfg = Release|x64
		{75F26084-0F80-4E00-B96F-D761AEA5F7AA}.Release|x64.Build.0 = Release|x64
		{75F26084-0F80-4E00-B96F-D761AEA5F7AA}.Release|x86.ActiveCfg = Release|Win32
		{75F26084-0F80-4E00-B96F-D761AEA5F7AA}.Release|x86.Build.0 = Release|Win32
		{4320B216-E877-4657-9C38-28BBEB10DC63}.Debug|x64.ActiveCfg = Debug|x64
		{4320B216-E877-4657-9C38-28BBEB10DC63}.Debug|x64.Build.0 = Debug|x64
		{4320B216-E877-4657-9C38-28BBEB10DC63}.Debug|x86.ActiveCfg = Debug|Win32
		{4320B216-E877-4657-9C38-28BBEB10DC63}.Debug|x86.Build.0 = Debug|Win32
		{4320B216-E877-4657-9C38-28BBEB10DC63}.Release|x64.ActiveCfg = Release|x64
		{4320B216-E877-4657-9C38-28BBEB10DC63}.Release|x64.Build.0 = Release|x64
		{4320B216-E877-4657-9C38-28BBEB10DC63}.Release|x86.ActiveCfg = Release|Win32
		{4320B216-E877-4657-9C38-28BBEB10DC63}.Release|x86.Build.0 = Release|Win32
		{85A67ECA-D4F5-4834-B11D-EF6B5AF3E78A}.Debug|x64.ActiveCfg = Debug|x64
		{85A67ECA-D4F5-4834-B11D-EF6B5AF3E78A}.Debug|x64.Build.0 = Debug|x64
		{85A67ECA-D4F5-4834-B11D-EF6B5AF3E78A}.Debug|x86.ActiveCfg = Debug|Win32
		{85A67ECA-D4F5-4834-B11D-EF6B5AF3E78A}.Debug|x86.Build.0 = Debug|Win32
		{85A67ECA-D4F5-4834-B11D-EF6B5AF3E78A}.Release|x64.ActiveCfg = Release|x64
		{85A67ECA-D4F5-4834-B11D-EF6B5AF3E78A}.Release|x64.Build.0 = Release|x64
		{85A67ECA-D4F5-4834-B11D-EF6B5AF3E78A}.Release|x86.ActiveCfg = Release|Win32
		{85A67ECA-D4F5-4834-B11D-EF6B5AF3E78A}.Release|x86.Build.0 = Release|Win32
		{A9CF6C65-FA43-41A5-B4B5-43CE6BA25F77}.Debug|x64.ActiveCfg = Debug|x64
		{A9CF6C65-FA43-41A5-B4B5-43CE6BA25F77}.Debug|x64.Build.0 = Debug|x64
		{A9CF6C65-FA43-41A5-B4B5-43CE6BA25F77}.Debug|x86.ActiveCfg = Debug|Win32
		{A9CF6C65-FA43-41A5-B4B5-43CE6BA25F77}.Debug|x86.Build.0 = Debug|Win32
		{A9CF6C65-FA43-41A5-B4B5-43CE6BA25F77}.Release|x64.ActiveCfg = Release|x64
		{A9CF6C65-FA43-41A5-B4B5-43CE6BA25F77}.Release|x64.Build.0 = Release|x64
		{A9CF6C65-FA43-41A5-B4B5-43CE6BA25F77}.Release|x86.ActiveCfg = Release|Win32
		{A9CF6C65-FA43-41A5-B4B5-43CE6BA25F77}.Release|x86.Build.0 = Release|Win32
		{F6EA8E53-F8FB-4C37-AFD4-6CEB082C1DC4}.Debug|x64.ActiveCfg = Debug|x64
		{F6EA8E53-F8FB-4C37-AFD4-6CEB082C1DC4}.Debug|x64.Build.0 = Debug|x64
		{F6EA8E53-F8FB-4C37-AFD4-6CEB082C1DC4}.Debug|x86.ActiveCfg = Debug|Win32
		{F6EA8E53-F8FB-4C37-AFD4-6CEB082C1DC4}.Debug|x86.Build.0 = Debug|Win32
		{F6EA8E53-F8FB-4C37-AFD4-6CEB082C1DC4}.Release|x64.ActiveCfg = Release|x64
		{F6EA8E53-F8FB-4C37-AFD4-6CEB082C1DC4}.Release|x64.Build.0 = Release|x64
		{F6EA8E53-F8FB-4C37-AFD4-6CEB082C1DC4}.Release|x86.ActiveCfg = Release|Win32
		{F6EA8E53-F8FB-4C37-AFD4-6CEB082C1DC4}.Release|x86.Build.0 = Release|Win32
	EndGlobalSection
	GlobalSection(SolutionProperties) = preSolution
		HideSolutionNode = FALSE
	EndGlobalSection
	GlobalSection(ExtensibilityGlobals) = postSolution
		SolutionGuid = {AB0F914E-3ECC-498F-B498-4A0F5D4AA903}
	EndGlobalSection
EndGlobal
